
Microsoft Visual Studio Solution File, Format Version 12.00
# Visual Studio Version 16
VisualStudioVersion = 16.0.29201.188
MinimumVisualStudioVersion = 10.0.40219.1
Project("{FAE04EC0-301F-11D3-BF4B-00C04F79EFBC}") = "MyLeasing.Web", "MyLeasing.Web\MyLeasing.Web.csproj", "{4D96FC26-B7FF-44B5-9DE6-2FF92F60E6D1}"
EndProject
Project("{FAE04EC0-301F-11D3-BF4B-00C04F79EFBC}") = "MyLeasing.Common", "MyLeasing.Common\MyLeasing.Common.csproj", "{F8A7E450-4122-4105-ABC9-4B80BC7051D8}"
EndProject
Global
	GlobalSection(SolutionConfigurationPlatforms) = preSolution
		Debug|Any CPU = Debug|Any CPU
		Release|Any CPU = Release|Any CPU
	EndGlobalSection
	GlobalSection(ProjectConfigurationPlatforms) = postSolution
		{4D96FC26-B7FF-44B5-9DE6-2FF92F60E6D1}.Debug|Any CPU.ActiveCfg = Debug|Any CPU
		{4D96FC26-B7FF-44B5-9DE6-2FF92F60E6D1}.Debug|Any CPU.Build.0 = Debug|Any CPU
		{4D96FC26-B7FF-44B5-9DE6-2FF92F60E6D1}.Release|Any CPU.ActiveCfg = Release|Any CPU
		{4D96FC26-B7FF-44B5-9DE6-2FF92F60E6D1}.Release|Any CPU.Build.0 = Release|Any CPU
		{F8A7E450-4122-4105-ABC9-4B80BC7051D8}.Debug|Any CPU.ActiveCfg = Debug|Any CPU
		{F8A7E450-4122-4105-ABC9-4B80BC7051D8}.Debug|Any CPU.Build.0 = Debug|Any CPU
		{F8A7E450-4122-4105-ABC9-4B80BC7051D8}.Release|Any CPU.ActiveCfg = Release|Any CPU
		{F8A7E450-4122-4105-ABC9-4B80BC7051D8}.Release|Any CPU.Build.0 = Release|Any CPU
	EndGlobalSection
	GlobalSection(SolutionProperties) = preSolution
		HideSolutionNode = FALSE
	EndGlobalSection
	GlobalSection(ExtensibilityGlobals) = postSolution
		SolutionGuid = {13ACCE33-2FB4-4383-A0EF-373301E08D4E}
	EndGlobalSection
EndGlobal
